{
  "version": 4,
  "terraform_version": "1.1.5",
  "serial": 1,
  "lineage": "894cc9b5-22bd-341d-c843-41c461faba2a",
  "outputs": {},
  "resources": [
    {
      "mode": "managed",
      "type": "proxmox_lxc",
      "name": "lxc-test",
      "provider": "provider[\"registry.terraform.io/telmate/proxmox\"]",
      "instances": [
        {
          "schema_version": 0,
          "attributes": {
            "arch": "amd64",
            "bwlimit": 0,
            "clone": null,
            "clone_storage": null,
            "cmode": "tty",
            "console": true,
            "cores": 1,
            "cpulimit": 0,
            "cpuunits": 1024,
            "description": "",
            "features": [],
            "force": false,
            "full": null,
            "hagroup": "",
            "hastate": "",
            "hookscript": "",
            "hostname": "lxc-test-host",
            "id": "nnltcar128-44/lxc/100",
            "ignore_unpack_errors": false,
            "lock": "",
            "memory": 1024,
            "mountpoint": [],
            "nameserver": "",
            "network": [
              {
                "bridge": "vmbr1",
                "firewall": false,
                "gw": "",
                "gw6": "",
                "hwaddr": "6A:87:48:93:C8:9D",
                "ip": "192.168.20.20/24",
                "ip6": "",
                "mtu": "",
                "name": "eth0",
                "rate": 0,
                "tag": 0,
                "trunks": "",
                "type": "veth"
              }
            ],
            "onboot": false,
            "ostemplate": "local:vztmpl/rocky.tar.xz",
            "ostype": "centos",
            "password": "ghbdtn",
            "pool": "k8s",
            "protection": false,
            "restore": false,
            "rootfs": [
              {
                "size": "8G",
                "storage": "local-lvm",
                "volume": "local-lvm:vm-100-disk-0"
              }
            ],
            "searchdomain": "",
            "ssh_public_keys": null,
            "start": false,
            "startup": "",
            "swap": 2048,
            "tags": "",
            "target_node": "nnltcar128-44",
            "template": false,
            "timeouts": null,
            "tty": 2,
            "unique": false,
            "unprivileged": true,
            "unused": [],
            "vmid": 0
          },
          "sensitive_attributes": [],
          "private": "eyJlMmJmYjczMC1lY2FhLTExZTYtOGY4OC0zNDM2M2JjN2M0YzAiOnsiY3JlYXRlIjozMDAwMDAwMDAwMDAsImRlZmF1bHQiOjMwMDAwMDAwMDAwMCwiZGVsZXRlIjoxODAwMDAwMDAwMDAsInJlYWQiOjE4MDAwMDAwMDAwMCwidXBkYXRlIjoxODAwMDAwMDAwMDB9fQ=="
        }
      ]
    }
  ]
}
