{
  "version": 4,
  "terraform_version": "1.1.5",
  "serial": 23,
  "lineage": "311c21dc-dba1-1147-1719-76bbb7a7a010",
  "outputs": {},
  "resources": [
    {
      "mode": "managed",
      "type": "proxmox_lxc",
      "name": "lxc-test",
      "provider": "provider[\"registry.terraform.io/telmate/proxmox\"]",
      "instances": [
        {
          "index_key": 0,
          "schema_version": 0,
          "attributes": {
            "arch": "amd64",
            "bwlimit": 0,
            "clone": null,
            "clone_storage": null,
            "cmode": "tty",
            "console": true,
            "cores": 1,
            "cpulimit": 0,
            "cpuunits": 1024,
            "description": "",
            "features": [],
            "force": false,
            "full": null,
            "hagroup": "",
            "hastate": "",
            "hookscript": "",
            "hostname": "k8s-node-0",
            "id": "nnltcar128-44/lxc/102",
            "ignore_unpack_errors": false,
            "lock": "",
            "memory": 1024,
            "mountpoint": [],
            "nameserver": "",
            "network": [
              {
                "bridge": "vmbr0",
                "firewall": false,
                "gw": "",
                "gw6": "",
                "hwaddr": "00:A0:B0:81:47:02",
                "ip": "dhcp",
                "ip6": "",
                "mtu": "",
                "name": "enp5s0",
                "rate": 0,
                "tag": 0,
                "trunks": "",
                "type": "veth"
              }
            ],
            "onboot": false,
            "ostemplate": "local:vztmpl/core.tar.gz",
            "ostype": "debian",
            "password": "ghbdtn",
            "pool": "k8s",
            "protection": false,
            "restore": false,
            "rootfs": [
              {
                "size": "8G",
                "storage": "local-lvm",
                "volume": "local-lvm:vm-102-disk-0"
              }
            ],
            "searchdomain": "",
            "ssh_public_keys": "ssh-rsa AAAAB3NzaC1yc2EAAAADAQABAAABgQDgL4U2a1dh9MO+AWGEsIATUMnQiV3jhmLcwZPRqitvBgfSJmGAf/+2v1j/Jk2QkG/z6vIDQQTZH+nQ9nhKGJhpo4Ns2+1qsOWxWgC3iPzFITl/1AlRGDCwXIhJrZ+8QjEup8dOarWQC4z7AgeE5rULtDXuKO/6VlAypQQp5ROf6E5wSR1RgxuF1bE5EdL2KmqdwsQHgDJa9ds6eel34yUS3OmFvp1O5wP/trNQ2PZ0mMA7HdJ2bvWt+HS5DaSiSD4sFwrEu4t9zNc12JfCLzWNsVd5ndXJiH7Y8VhBNT6GUZljKKpJtbjCu7OXRGxhD/JM5Yg92pDjQjALxWxUHuQbVWH8ZNgGEcfC/WwY4aVhLGsWGA7enSuiER+GaElaClwzMVyiAI6cXHIazE0rRM4WDExPsVrIAPrHJgh0Imeh6HJ7Gfu/wYSwWRUMSJF1o1tB2zzoAcm8W+Vx7SbI2fgkHn2QP+X8PUy/lmGnIx4SNKd2SezpWFmgPBBO8YRxmjM= root@nnltcar129-70",
            "start": false,
            "startup": "",
            "swap": 2048,
            "tags": "",
            "target_node": "nnltcar128-44",
            "template": false,
            "timeouts": null,
            "tty": 2,
            "unique": false,
            "unprivileged": true,
            "unused": [],
            "vmid": 0
          },
          "sensitive_attributes": [],
          "private": "eyJlMmJmYjczMC1lY2FhLTExZTYtOGY4OC0zNDM2M2JjN2M0YzAiOnsiY3JlYXRlIjozMDAwMDAwMDAwMDAsImRlZmF1bHQiOjMwMDAwMDAwMDAwMCwiZGVsZXRlIjoxODAwMDAwMDAwMDAsInJlYWQiOjE4MDAwMDAwMDAwMCwidXBkYXRlIjoxODAwMDAwMDAwMDB9fQ=="
        },
        {
          "index_key": 1,
          "schema_version": 0,
          "attributes": {
            "arch": "amd64",
            "bwlimit": 0,
            "clone": null,
            "clone_storage": null,
            "cmode": "tty",
            "console": true,
            "cores": 1,
            "cpulimit": 0,
            "cpuunits": 1024,
            "description": "",
            "features": [],
            "force": false,
            "full": null,
            "hagroup": "",
            "hastate": "",
            "hookscript": "",
            "hostname": "k8s-node-1",
            "id": "nnltcar128-44/lxc/101",
            "ignore_unpack_errors": false,
            "lock": "",
            "memory": 1024,
            "mountpoint": [],
            "nameserver": "",
            "network": [
              {
                "bridge": "vmbr0",
                "firewall": false,
                "gw": "",
                "gw6": "",
                "hwaddr": "00:A0:B0:81:48:03",
                "ip": "dhcp",
                "ip6": "",
                "mtu": "",
                "name": "enp5s0",
                "rate": 0,
                "tag": 0,
                "trunks": "",
                "type": "veth"
              }
            ],
            "onboot": false,
            "ostemplate": "local:vztmpl/core.tar.gz",
            "ostype": "debian",
            "password": "ghbdtn",
            "pool": "k8s",
            "protection": false,
            "restore": false,
            "rootfs": [
              {
                "size": "8G",
                "storage": "local-lvm",
                "volume": "local-lvm:vm-101-disk-0"
              }
            ],
            "searchdomain": "",
            "ssh_public_keys": "ssh-rsa AAAAB3NzaC1yc2EAAAADAQABAAABgQDgL4U2a1dh9MO+AWGEsIATUMnQiV3jhmLcwZPRqitvBgfSJmGAf/+2v1j/Jk2QkG/z6vIDQQTZH+nQ9nhKGJhpo4Ns2+1qsOWxWgC3iPzFITl/1AlRGDCwXIhJrZ+8QjEup8dOarWQC4z7AgeE5rULtDXuKO/6VlAypQQp5ROf6E5wSR1RgxuF1bE5EdL2KmqdwsQHgDJa9ds6eel34yUS3OmFvp1O5wP/trNQ2PZ0mMA7HdJ2bvWt+HS5DaSiSD4sFwrEu4t9zNc12JfCLzWNsVd5ndXJiH7Y8VhBNT6GUZljKKpJtbjCu7OXRGxhD/JM5Yg92pDjQjALxWxUHuQbVWH8ZNgGEcfC/WwY4aVhLGsWGA7enSuiER+GaElaClwzMVyiAI6cXHIazE0rRM4WDExPsVrIAPrHJgh0Imeh6HJ7Gfu/wYSwWRUMSJF1o1tB2zzoAcm8W+Vx7SbI2fgkHn2QP+X8PUy/lmGnIx4SNKd2SezpWFmgPBBO8YRxmjM= root@nnltcar129-70",
            "start": false,
            "startup": "",
            "swap": 2048,
            "tags": "",
            "target_node": "nnltcar128-44",
            "template": false,
            "timeouts": null,
            "tty": 2,
            "unique": false,
            "unprivileged": true,
            "unused": [],
            "vmid": 0
          },
          "sensitive_attributes": [],
          "private": "eyJlMmJmYjczMC1lY2FhLTExZTYtOGY4OC0zNDM2M2JjN2M0YzAiOnsiY3JlYXRlIjozMDAwMDAwMDAwMDAsImRlZmF1bHQiOjMwMDAwMDAwMDAwMCwiZGVsZXRlIjoxODAwMDAwMDAwMDAsInJlYWQiOjE4MDAwMDAwMDAwMCwidXBkYXRlIjoxODAwMDAwMDAwMDB9fQ=="
        },
        {
          "index_key": 2,
          "schema_version": 0,
          "attributes": {
            "arch": "amd64",
            "bwlimit": 0,
            "clone": null,
            "clone_storage": null,
            "cmode": "tty",
            "console": true,
            "cores": 1,
            "cpulimit": 0,
            "cpuunits": 1024,
            "description": "",
            "features": [],
            "force": false,
            "full": null,
            "hagroup": "",
            "hastate": "",
            "hookscript": "",
            "hostname": "k8s-node-2",
            "id": "nnltcar128-44/lxc/100",
            "ignore_unpack_errors": false,
            "lock": "",
            "memory": 1024,
            "mountpoint": [],
            "nameserver": "",
            "network": [
              {
                "bridge": "vmbr0",
                "firewall": false,
                "gw": "",
                "gw6": "",
                "hwaddr": "00:A0:B0:81:49:04",
                "ip": "dhcp",
                "ip6": "",
                "mtu": "",
                "name": "enp5s0",
                "rate": 0,
                "tag": 0,
                "trunks": "",
                "type": "veth"
              }
            ],
            "onboot": false,
            "ostemplate": "local:vztmpl/core.tar.gz",
            "ostype": "debian",
            "password": "ghbdtn",
            "pool": "k8s",
            "protection": false,
            "restore": false,
            "rootfs": [
              {
                "size": "8G",
                "storage": "local-lvm",
                "volume": "local-lvm:vm-100-disk-0"
              }
            ],
            "searchdomain": "",
            "ssh_public_keys": "ssh-rsa AAAAB3NzaC1yc2EAAAADAQABAAABgQDgL4U2a1dh9MO+AWGEsIATUMnQiV3jhmLcwZPRqitvBgfSJmGAf/+2v1j/Jk2QkG/z6vIDQQTZH+nQ9nhKGJhpo4Ns2+1qsOWxWgC3iPzFITl/1AlRGDCwXIhJrZ+8QjEup8dOarWQC4z7AgeE5rULtDXuKO/6VlAypQQp5ROf6E5wSR1RgxuF1bE5EdL2KmqdwsQHgDJa9ds6eel34yUS3OmFvp1O5wP/trNQ2PZ0mMA7HdJ2bvWt+HS5DaSiSD4sFwrEu4t9zNc12JfCLzWNsVd5ndXJiH7Y8VhBNT6GUZljKKpJtbjCu7OXRGxhD/JM5Yg92pDjQjALxWxUHuQbVWH8ZNgGEcfC/WwY4aVhLGsWGA7enSuiER+GaElaClwzMVyiAI6cXHIazE0rRM4WDExPsVrIAPrHJgh0Imeh6HJ7Gfu/wYSwWRUMSJF1o1tB2zzoAcm8W+Vx7SbI2fgkHn2QP+X8PUy/lmGnIx4SNKd2SezpWFmgPBBO8YRxmjM= root@nnltcar129-70",
            "start": false,
            "startup": "",
            "swap": 2048,
            "tags": "",
            "target_node": "nnltcar128-44",
            "template": false,
            "timeouts": null,
            "tty": 2,
            "unique": false,
            "unprivileged": true,
            "unused": [],
            "vmid": 0
          },
          "sensitive_attributes": [],
          "private": "eyJlMmJmYjczMC1lY2FhLTExZTYtOGY4OC0zNDM2M2JjN2M0YzAiOnsiY3JlYXRlIjozMDAwMDAwMDAwMDAsImRlZmF1bHQiOjMwMDAwMDAwMDAwMCwiZGVsZXRlIjoxODAwMDAwMDAwMDAsInJlYWQiOjE4MDAwMDAwMDAwMCwidXBkYXRlIjoxODAwMDAwMDAwMDB9fQ=="
        }
      ]
    }
  ]
}
